
Microsoft Visual Studio Solution File, Format Version 12.00
# Visual Studio Version 17
VisualStudioVersion = 17.4.33213.308
MinimumVisualStudioVersion = 10.0.40219.1
Project("{FAE04EC0-301F-11D3-BF4B-00C04F79EFBC}") = "QueryAppCC", "QueryAppCC.csproj", "{795126C2-7973-4E51-8FE5-8828891D527C}"
EndProject
Global
	GlobalSection(SolutionConfigurationPlatforms) = preSolution
		Debug|Any CPU = Debug|Any CPU
		Release|Any CPU = Release|Any CPU
	EndGlobalSection
	GlobalSection(ProjectConfigurationPlatforms) = postSolution
		{795126C2-7973-4E51-8FE5-8828891D527C}.Debug|Any CPU.ActiveCfg = Debug|Any CPU
		{795126C2-7973-4E51-8FE5-8828891D527C}.Debug|Any CPU.Build.0 = Debug|Any CPU
		{795126C2-7973-4E51-8FE5-8828891D527C}.Release|Any CPU.ActiveCfg = Release|Any CPU
		{795126C2-7973-4E51-8FE5-8828891D527C}.Release|Any CPU.Build.0 = Release|Any CPU
	EndGlobalSection
	GlobalSection(SolutionProperties) = preSolution
		HideSolutionNode = FALSE
	EndGlobalSection
	GlobalSection(ExtensibilityGlobals) = postSolution
		SolutionGuid = {7FA506BE-F9A9-44EF-BD36-DB9DA6B86888}
	EndGlobalSection
EndGlobal
